
Microsoft Visual Studio Solution File, Format Version 12.00
# Visual Studio Version 17
VisualStudioVersion = 17.14.36717.8 d17.14
MinimumVisualStudioVersion = 10.0.40219.1
Project("{FAE04EC0-301F-11D3-BF4B-00C04F79EFBC}") = "ImageMerge", "ImageMerge.csproj", "{73BF124A-DB0D-4882-BEF6-279783BA3FAE}"
EndProject
Global
	GlobalSection(SolutionConfigurationPlatforms) = preSolution
		Debug|Any CPU = Debug|Any CPU
		Release|Any CPU = Release|Any CPU
	EndGlobalSection
	GlobalSection(ProjectConfigurationPlatforms) = postSolution
		{73BF124A-DB0D-4882-BEF6-279783BA3FAE}.Debug|Any CPU.ActiveCfg = Debug|Any CPU
		{73BF124A-DB0D-4882-BEF6-279783BA3FAE}.Debug|Any CPU.Build.0 = Debug|Any CPU
		{73BF124A-DB0D-4882-BEF6-279783BA3FAE}.Release|Any CPU.ActiveCfg = Release|Any CPU
		{73BF124A-DB0D-4882-BEF6-279783BA3FAE}.Release|Any CPU.Build.0 = Release|Any CPU
	EndGlobalSection
	GlobalSection(SolutionProperties) = preSolution
		HideSolutionNode = FALSE
	EndGlobalSection
	GlobalSection(ExtensibilityGlobals) = postSolution
		SolutionGuid = {4DAFC0C8-E2D1-441B-8C82-2FF097C66ADF}
	EndGlobalSection
EndGlobal
